
Microsoft Visual Studio Solution File, Format Version 12.00
# Visual Studio 15
VisualStudioVersion = 15.0.28307.2092
MinimumVisualStudioVersion = 10.0.40219.1
Project("{FAE04EC0-301F-11D3-BF4B-00C04F79EFBC}") = "ejder3200", "ejder3200\ejder3200.csproj", "{C20AD1C3-57D6-4EDC-A70C-58E10B0174D5}"
EndProject
Global
	GlobalSection(SolutionConfigurationPlatforms) = preSolution
		Debug|Any CPU = Debug|Any CPU
		Release|Any CPU = Release|Any CPU
	EndGlobalSection
	GlobalSection(ProjectConfigurationPlatforms) = postSolution
		{C20AD1C3-57D6-4EDC-A70C-58E10B0174D5}.Debug|Any CPU.ActiveCfg = Debug|Any CPU
		{C20AD1C3-57D6-4EDC-A70C-58E10B0174D5}.Debug|Any CPU.Build.0 = Debug|Any CPU
		{C20AD1C3-57D6-4EDC-A70C-58E10B0174D5}.Release|Any CPU.ActiveCfg = Release|Any CPU
		{C20AD1C3-57D6-4EDC-A70C-58E10B0174D5}.Release|Any CPU.Build.0 = Release|Any CPU
	EndGlobalSection
	GlobalSection(SolutionProperties) = preSolution
		HideSolutionNode = FALSE
	EndGlobalSection
	GlobalSection(ExtensibilityGlobals) = postSolution
		SolutionGuid = {DDA666DE-B828-4C58-A951-BA9BE17C139B}
	EndGlobalSection
EndGlobal
